
Microsoft Visual Studio Solution File, Format Version 12.00
# Visual Studio 2015
Project("{FAE04EC0-301F-11D3-BF4B-00C04F79EFBC}") = "UnityConquer.CSharp", "UnityConquer.CSharp.csproj", "{19A68C15-24C9-0F35-CAC0-F7D73A93768E}"
EndProject
Project("{FAE04EC0-301F-11D3-BF4B-00C04F79EFBC}") = "UnityConquer.CSharp.Editor", "UnityConquer.CSharp.Editor.csproj", "{F2803CE4-2269-BE82-E3CF-DA5229C75F83}"
EndProject
Global
	GlobalSection(SolutionConfigurationPlatforms) = preSolution
		Debug|Any CPU = Debug|Any CPU
		Release|Any CPU = Release|Any CPU
	EndGlobalSection
	GlobalSection(ProjectConfigurationPlatforms) = postSolution
		{19A68C15-24C9-0F35-CAC0-F7D73A93768E}.Debug|Any CPU.ActiveCfg = Debug|Any CPU
		{19A68C15-24C9-0F35-CAC0-F7D73A93768E}.Debug|Any CPU.Build.0 = Debug|Any CPU
		{19A68C15-24C9-0F35-CAC0-F7D73A93768E}.Release|Any CPU.ActiveCfg = Release|Any CPU
		{19A68C15-24C9-0F35-CAC0-F7D73A93768E}.Release|Any CPU.Build.0 = Release|Any CPU
		{F2803CE4-2269-BE82-E3CF-DA5229C75F83}.Debug|Any CPU.ActiveCfg = Debug|Any CPU
		{F2803CE4-2269-BE82-E3CF-DA5229C75F83}.Debug|Any CPU.Build.0 = Debug|Any CPU
		{F2803CE4-2269-BE82-E3CF-DA5229C75F83}.Release|Any CPU.ActiveCfg = Release|Any CPU
		{F2803CE4-2269-BE82-E3CF-DA5229C75F83}.Release|Any CPU.Build.0 = Release|Any CPU
	EndGlobalSection
	GlobalSection(SolutionProperties) = preSolution
		HideSolutionNode = FALSE
	EndGlobalSection
EndGlobal
